// !$*UTF8*$!
{
	archiveVersion = 1;
	classes = {
	};
	objectVersion = 56;
	objects = {

/* Begin PBXBuildFile section */
		4D6A1E692962B0C1001920D6 /* ImageCollectionViewCell.swift in Sources */ = {isa = PBXBuildFile; fileRef = 4D6A1E682962B0C1001920D6 /* ImageCollectionViewCell.swift */; };
		4D6E8E9A295D75AC00A1B15F /* AppDelegate.swift in Sources */ = {isa = PBXBuildFile; fileRef = 4D6E8E99295D75AC00A1B15F /* AppDelegate.swift */; };
		4D6E8E9C295D75AC00A1B15F /* SceneDelegate.swift in Sources */ = {isa = PBXBuildFile; fileRef = 4D6E8E9B295D75AC00A1B15F /* SceneDelegate.swift */; };
		4D6E8E9E295D75AC00A1B15F /* ViewController.swift in Sources */ = {isa = PBXBuildFile; fileRef = 4D6E8E9D295D75AC00A1B15F /* ViewController.swift */; };
		4D6E8EA1295D75AC00A1B15F /* Main.storyboard in Resources */ = {isa = PBXBuildFile; fileRef = 4D6E8E9F295D75AC00A1B15F /* Main.storyboard */; };
		4D6E8EA4295D75AC00A1B15F /* FirebaseTask.xcdatamodeld in Sources */ = {isa = PBXBuildFile; fileRef = 4D6E8EA2295D75AC00A1B15F /* FirebaseTask.xcdatamodeld */; };
		4D6E8EA6295D75AF00A1B15F /* Assets.xcassets in Resources */ = {isa = PBXBuildFile; fileRef = 4D6E8EA5295D75AF00A1B15F /* Assets.xcassets */; };
		4D6E8EA9295D75AF00A1B15F /* LaunchScreen.storyboard in Resources */ = {isa = PBXBuildFile; fileRef = 4D6E8EA7295D75AF00A1B15F /* LaunchScreen.storyboard */; };
		4D6E8EB2295D91C500A1B15F /* FirebaseMessaging in Frameworks */ = {isa = PBXBuildFile; productRef = 4D6E8EB1295D91C500A1B15F /* FirebaseMessaging */; };
		4D6E8EB4295D91C500A1B15F /* FirebaseStorage in Frameworks */ = {isa = PBXBuildFile; productRef = 4D6E8EB3295D91C500A1B15F /* FirebaseStorage */; };
		4D6E8EB6295D993400A1B15F /* GoogleService-Info.plist in Resources */ = {isa = PBXBuildFile; fileRef = 4D6E8EB5295D993400A1B15F /* GoogleService-Info.plist */; };
		4DCFB97429633F8A0083A385 /* ImgFolderViewController.swift in Sources */ = {isa = PBXBuildFile; fileRef = 4DCFB97329633F8A0083A385 /* ImgFolderViewController.swift */; };
		4DD169812962A812007625AE /* DbImagesViewController.swift in Sources */ = {isa = PBXBuildFile; fileRef = 4DD169802962A812007625AE /* DbImagesViewController.swift */; };
/* End PBXBuildFile section */

/* Begin PBXFileReference section */
		4D6A1E682962B0C1001920D6 /* ImageCollectionViewCell.swift */ = {isa = PBXFileReference; lastKnownFileType = sourcecode.swift; path = ImageCollectionViewCell.swift; sourceTree = "<group>"; };
		4D6E8E96295D75AC00A1B15F /* FirebaseTask.app */ = {isa = PBXFileReference; explicitFileType = wrapper.application; includeInIndex = 0; path = FirebaseTask.app; sourceTree = BUILT_PRODUCTS_DIR; };
		4D6E8E99295D75AC00A1B15F /* AppDelegate.swift */ = {isa = PBXFileReference; lastKnownFileType = sourcecode.swift; path = AppDelegate.swift; sourceTree = "<group>"; };
		4D6E8E9B295D75AC00A1B15F /* SceneDelegate.swift */ = {isa = PBXFileReference; lastKnownFileType = sourcecode.swift; path = SceneDelegate.swift; sourceTree = "<group>"; };
		4D6E8E9D295D75AC00A1B15F /* ViewController.swift */ = {isa = PBXFileReference; lastKnownFileType = sourcecode.swift; path = ViewController.swift; sourceTree = "<group>"; };
		4D6E8EA0295D75AC00A1B15F /* Base */ = {isa = PBXFileReference; lastKnownFileType = file.storyboard; name = Base; path = Base.lproj/Main.storyboard; sourceTree = "<group>"; };
		4D6E8EA3295D75AC00A1B15F /* FirebaseTask.xcdatamodel */ = {isa = PBXFileReference; lastKnownFileType = wrapper.xcdatamodel; path = FirebaseTask.xcdatamodel; sourceTree = "<group>"; };
		4D6E8EA5295D75AF00A1B15F /* Assets.xcassets */ = {isa = PBXFileReference; lastKnownFileType = folder.assetcatalog; path = Assets.xcassets; sourceTree = "<group>"; };
		4D6E8EA8295D75AF00A1B15F /* Base */ = {isa = PBXFileReference; lastKnownFileType = file.storyboard; name = Base; path = Base.lproj/LaunchScreen.storyboard; sourceTree = "<group>"; };
		4D6E8EAA295D75AF00A1B15F /* Info.plist */ = {isa = PBXFileReference; lastKnownFileType = text.plist.xml; path = Info.plist; sourceTree = "<group>"; };
		4D6E8EB5295D993400A1B15F /* GoogleService-Info.plist */ = {isa = PBXFileReference; fileEncoding = 4; lastKnownFileType = text.plist.xml; name = "GoogleService-Info.plist"; path = "../../../Downloads/GoogleService-Info.plist"; sourceTree = "<group>"; };
		4DCFB97329633F8A0083A385 /* ImgFolderViewController.swift */ = {isa = PBXFileReference; lastKnownFileType = sourcecode.swift; path = ImgFolderViewController.swift; sourceTree = "<group>"; };
		4DD169802962A812007625AE /* DbImagesViewController.swift */ = {isa = PBXFileReference; lastKnownFileType = sourcecode.swift; path = DbImagesViewController.swift; sourceTree = "<group>"; };
/* End PBXFileReference section */

/* Begin PBXFrameworksBuildPhase section */
		4D6E8E93295D75AC00A1B15F /* Frameworks */ = {
			isa = PBXFrameworksBuildPhase;
			buildActionMask = 2147483647;
			files = (
				4D6E8EB2295D91C500A1B15F /* FirebaseMessaging in Frameworks */,
				4D6E8EB4295D91C500A1B15F /* FirebaseStorage in Frameworks */,
			);
			runOnlyForDeploymentPostprocessing = 0;
		};
/* End PBXFrameworksBuildPhase section */

/* Begin PBXGroup section */
		4D6E8E8D295D75AC00A1B15F = {
			isa = PBXGroup;
			children = (
				4D6E8E98295D75AC00A1B15F /* FirebaseTask */,
				4D6E8E97295D75AC00A1B15F /* Products */,
			);
			sourceTree = "<group>";
		};
		4D6E8E97295D75AC00A1B15F /* Products */ = {
			isa = PBXGroup;
			children = (
				4D6E8E96295D75AC00A1B15F /* FirebaseTask.app */,
			);
			name = Products;
			sourceTree = "<group>";
		};
		4D6E8E98295D75AC00A1B15F /* FirebaseTask */ = {
			isa = PBXGroup;
			children = (
				4D6E8E99295D75AC00A1B15F /* AppDelegate.swift */,
				4D6E8E9B295D75AC00A1B15F /* SceneDelegate.swift */,
				4D6E8E9D295D75AC00A1B15F /* ViewController.swift */,
				4DCFB97329633F8A0083A385 /* ImgFolderViewController.swift */,
				4DD169802962A812007625AE /* DbImagesViewController.swift */,
				4D6A1E682962B0C1001920D6 /* ImageCollectionViewCell.swift */,
				4D6E8E9F295D75AC00A1B15F /* Main.storyboard */,
				4D6E8EA5295D75AF00A1B15F /* Assets.xcassets */,
				4D6E8EA7295D75AF00A1B15F /* LaunchScreen.storyboard */,
				4D6E8EAA295D75AF00A1B15F /* Info.plist */,
				4D6E8EB5295D993400A1B15F /* GoogleService-Info.plist */,
				4D6E8EA2295D75AC00A1B15F /* FirebaseTask.xcdatamodeld */,
			);
			path = FirebaseTask;
			sourceTree = "<group>";
		};
/* End PBXGroup section */

/* Begin PBXNativeTarget section */
		4D6E8E95295D75AC00A1B15F /* FirebaseTask */ = {
			isa = PBXNativeTarget;
			buildConfigurationList = 4D6E8EAD295D75AF00A1B15F /* Build configuration list for PBXNativeTarget "FirebaseTask" */;
			buildPhases = (
				4D6E8E92295D75AC00A1B15F /* Sources */,
				4D6E8E93295D75AC00A1B15F /* Frameworks */,
				4D6E8E94295D75AC00A1B15F /* Resources */,
			);
			buildRules = (
			);
			dependencies = (
			);
			name = FirebaseTask;
			packageProductDependencies = (
				4D6E8EB1295D91C500A1B15F /* FirebaseMessaging */,
				4D6E8EB3295D91C500A1B15F /* FirebaseStorage */,
			);
			productName = FirebaseTask;
			productReference = 4D6E8E96295D75AC00A1B15F /* FirebaseTask.app */;
			productType = "com.apple.product-type.application";
		};
/* End PBXNativeTarget section */

/* Begin PBXProject section */
		4D6E8E8E295D75AC00A1B15F /* Project object */ = {
			isa = PBXProject;
			attributes = {
				BuildIndependentTargetsInParallel = 1;
				LastSwiftUpdateCheck = 1420;
				LastUpgradeCheck = 1420;
				TargetAttributes = {
					4D6E8E95295D75AC00A1B15F = {
						CreatedOnToolsVersion = 14.2;
					};
				};
			};
			buildConfigurationList = 4D6E8E91295D75AC00A1B15F /* Build configuration list for PBXProject "FirebaseTask" */;
			compatibilityVersion = "Xcode 14.0";
			developmentRegion = en;
			hasScannedForEncodings = 0;
			knownRegions = (
				en,
				Base,
			);
			mainGroup = 4D6E8E8D295D75AC00A1B15F;
			packageReferences = (
				4D6E8EB0295D91C500A1B15F /* XCRemoteSwiftPackageReference "firebase-ios-sdk" */,
			);
			productRefGroup = 4D6E8E97295D75AC00A1B15F /* Products */;
			projectDirPath = "";
			projectRoot = "";
			targets = (
				4D6E8E95295D75AC00A1B15F /* FirebaseTask */,
			);
		};
/* End PBXProject section */

/* Begin PBXResourcesBuildPhase section */
		4D6E8E94295D75AC00A1B15F /* Resources */ = {
			isa = PBXResourcesBuildPhase;
			buildActionMask = 2147483647;
			files = (
				4D6E8EA9295D75AF00A1B15F /* LaunchScreen.storyboard in Resources */,
				4D6E8EB6295D993400A1B15F /* GoogleService-Info.plist in Resources */,
				4D6E8EA6295D75AF00A1B15F /* Assets.xcassets in Resources */,
				4D6E8EA1295D75AC00A1B15F /* Main.storyboard in Resources */,
			);
			runOnlyForDeploymentPostprocessing = 0;
		};
/* End PBXResourcesBuildPhase section */

/* Begin PBXSourcesBuildPhase section */
		4D6E8E92295D75AC00A1B15F /* Sources */ = {
			isa = PBXSourcesBuildPhase;
			buildActionMask = 2147483647;
			files = (
				4D6A1E692962B0C1001920D6 /* ImageCollectionViewCell.swift in Sources */,
				4D6E8E9E295D75AC00A1B15F /* ViewController.swift in Sources */,
				4DCFB97429633F8A0083A385 /* ImgFolderViewController.swift in Sources */,
				4D6E8EA4295D75AC00A1B15F /* FirebaseTask.xcdatamodeld in Sources */,
				4D6E8E9A295D75AC00A1B15F /* AppDelegate.swift in Sources */,
				4DD169812962A812007625AE /* DbImagesViewController.swift in Sources */,
				4D6E8E9C295D75AC00A1B15F /* SceneDelegate.swift in Sources */,
			);
			runOnlyForDeploymentPostprocessing = 0;
		};
/* End PBXSourcesBuildPhase section */

/* Begin PBXVariantGroup section */
		4D6E8E9F295D75AC00A1B15F /* Main.storyboard */ = {
			isa = PBXVariantGroup;
			children = (
				4D6E8EA0295D75AC00A1B15F /* Base */,
			);
			name = Main.storyboard;
			sourceTree = "<group>";
		};
		4D6E8EA7295D75AF00A1B15F /* LaunchScreen.storyboard */ = {
			isa = PBXVariantGroup;
			children = (
				4D6E8EA8295D75AF00A1B15F /* Base */,
			);
			name = LaunchScreen.storyboard;
			sourceTree = "<group>";
		};
/* End PBXVariantGroup section */

/* Begin XCBuildConfiguration section */
		4D6E8EAB295D75AF00A1B15F /* Debug */ = {
			isa = XCBuildConfiguration;
			buildSettings = {
				ALWAYS_SEARCH_USER_PATHS = NO;
				CLANG_ANALYZER_NONNULL = YES;
				CLANG_ANALYZER_NUMBER_OBJECT_CONVERSION = YES_AGGRESSIVE;
				CLANG_CXX_LANGUAGE_STANDARD = "gnu++20";
				CLANG_ENABLE_MODULES = YES;
				CLANG_ENABLE_OBJC_ARC = YES;
				CLANG_ENABLE_OBJC_WEAK = YES;
				CLANG_WARN_BLOCK_CAPTURE_AUTORELEASING = YES;
				CLANG_WARN_BOOL_CONVERSION = YES;
				CLANG_WARN_COMMA = YES;
				CLANG_WARN_CONSTANT_CONVERSION = YES;
				CLANG_WARN_DEPRECATED_OBJC_IMPLEMENTATIONS = YES;
				CLANG_WARN_DIRECT_OBJC_ISA_USAGE = YES_ERROR;
				CLANG_WARN_DOCUMENTATION_COMMENTS = YES;
				CLANG_WARN_EMPTY_BODY = YES;
				CLANG_WARN_ENUM_CONVERSION = YES;
				CLANG_WARN_INFINITE_RECURSION = YES;
				CLANG_WARN_INT_CONVERSION = YES;
				CLANG_WARN_NON_LITERAL_NULL_CONVERSION = YES;
				CLANG_WARN_OBJC_IMPLICIT_RETAIN_SELF = YES;
				CLANG_WARN_OBJC_LITERAL_CONVERSION = YES;
				CLANG_WARN_OBJC_ROOT_CLASS = YES_ERROR;
				CLANG_WARN_QUOTED_INCLUDE_IN_FRAMEWORK_HEADER = YES;
				CLANG_WARN_RANGE_LOOP_ANALYSIS = YES;
				CLANG_WARN_STRICT_PROTOTYPES = YES;
				CLANG_WARN_SUSPICIOUS_MOVE = YES;
				CLANG_WARN_UNGUARDED_AVAILABILITY = YES_AGGRESSIVE;
				CLANG_WARN_UNREACHABLE_CODE = YES;
				CLANG_WARN__DUPLICATE_METHOD_MATCH = YES;
				COPY_PHASE_STRIP = NO;
				DEBUG_INFORMATION_FORMAT = dwarf;
				ENABLE_STRICT_OBJC_MSGSEND = YES;
				ENABLE_TESTABILITY = YES;
				GCC_C_LANGUAGE_STANDARD = gnu11;
				GCC_DYNAMIC_NO_PIC = NO;
				GCC_NO_COMMON_BLOCKS = YES;
				GCC_OPTIMIZATION_LEVEL = 0;
				GCC_PREPROCESSOR_DEFINITIONS = (
					"DEBUG=1",
					"$(inherited)",
				);
				GCC_WARN_64_TO_32_BIT_CONVERSION = YES;
				GCC_WARN_ABOUT_RETURN_TYPE = YES_ERROR;
				GCC_WARN_UNDECLARED_SELECTOR = YES;
				GCC_WARN_UNINITIALIZED_AUTOS = YES_AGGRESSIVE;
				GCC_WARN_UNUSED_FUNCTION = YES;
				GCC_WARN_UNUSED_VARIABLE = YES;
				IPHONEOS_DEPLOYMENT_TARGET = 16.2;
				MTL_ENABLE_DEBUG_INFO = INCLUDE_SOURCE;
				MTL_FAST_MATH = YES;
				ONLY_ACTIVE_ARCH = YES;
				SDKROOT = iphoneos;
				SWIFT_ACTIVE_COMPILATION_CONDITIONS = DEBUG;
				SWIFT_OPTIMIZATION_LEVEL = "-Onone";
			};
			name = Debug;
		};
		4D6E8EAC295D75AF00A1B15F /* Release */ = {
			isa = XCBuildConfiguration;
			buildSettings = {
				ALWAYS_SEARCH_USER_PATHS = NO;
				CLANG_ANALYZER_NONNULL = YES;
				CLANG_ANALYZER_NUMBER_OBJECT_CONVERSION = YES_AGGRESSIVE;
				CLANG_CXX_LANGUAGE_STANDARD = "gnu++20";
				CLANG_ENABLE_MODULES = YES;
				CLANG_ENABLE_OBJC_ARC = YES;
				CLANG_ENABLE_OBJC_WEAK = YES;
				CLANG_WARN_BLOCK_CAPTURE_AUTORELEASING = YES;
				CLANG_WARN_BOOL_CONVERSION = YES;
				CLANG_WARN_COMMA = YES;
				CLANG_WARN_CONSTANT_CONVERSION = YES;
				CLANG_WARN_DEPRECATED_OBJC_IMPLEMENTATIONS = YES;
				CLANG_WARN_DIRECT_OBJC_ISA_USAGE = YES_ERROR;
				CLANG_WARN_DOCUMENTATION_COMMENTS = YES;
				CLANG_WARN_EMPTY_BODY = YES;
				CLANG_WARN_ENUM_CONVERSION = YES;
				CLANG_WARN_INFINITE_RECURSION = YES;
				CLANG_WARN_INT_CONVERSION = YES;
				CLANG_WARN_NON_LITERAL_NULL_CONVERSION = YES;
				CLANG_WARN_OBJC_IMPLICIT_RETAIN_SELF = YES;
				CLANG_WARN_OBJC_LITERAL_CONVERSION = YES;
				CLANG_WARN_OBJC_ROOT_CLASS = YES_ERROR;
				CLANG_WARN_QUOTED_INCLUDE_IN_FRAMEWORK_HEADER = YES;
				CLANG_WARN_RANGE_LOOP_ANALYSIS = YES;
				CLANG_WARN_STRICT_PROTOTYPES = YES;
				CLANG_WARN_SUSPICIOUS_MOVE = YES;
				CLANG_WARN_UNGUARDED_AVAILABILITY = YES_AGGRESSIVE;
				CLANG_WARN_UNREACHABLE_CODE = YES;
				CLANG_WARN__DUPLICATE_METHOD_MATCH = YES;
				COPY_PHASE_STRIP = NO;
				DEBUG_INFORMATION_FORMAT = "dwarf-with-dsym";
				ENABLE_NS_ASSERTIONS = NO;
				ENABLE_STRICT_OBJC_MSGSEND = YES;
				GCC_C_LANGUAGE_STANDARD = gnu11;
				GCC_NO_COMMON_BLOCKS = YES;
				GCC_WARN_64_TO_32_BIT_CONVERSION = YES;
				GCC_WARN_ABOUT_RETURN_TYPE = YES_ERROR;
				GCC_WARN_UNDECLARED_SELECTOR = YES;
				GCC_WARN_UNINITIALIZED_AUTOS = YES_AGGRESSIVE;
				GCC_WARN_UNUSED_FUNCTION = YES;
				GCC_WARN_UNUSED_VARIABLE = YES;
				IPHONEOS_DEPLOYMENT_TARGET = 16.2;
				MTL_ENABLE_DEBUG_INFO = NO;
				MTL_FAST_MATH = YES;
				SDKROOT = iphoneos;
				SWIFT_COMPILATION_MODE = wholemodule;
				SWIFT_OPTIMIZATION_LEVEL = "-O";
				VALIDATE_PRODUCT = YES;
			};
			name = Release;
		};
		4D6E8EAE295D75AF00A1B15F /* Debug */ = {
			isa = XCBuildConfiguration;
			buildSettings = {
				ASSETCATALOG_COMPILER_APPICON_NAME = AppIcon;
				ASSETCATALOG_COMPILER_GLOBAL_ACCENT_COLOR_NAME = AccentColor;
				CODE_SIGN_STYLE = Automatic;
				CURRENT_PROJECT_VERSION = 1;
				DEVELOPMENT_TEAM = H3KMJU63ST;
				GENERATE_INFOPLIST_FILE = YES;
				INFOPLIST_FILE = FirebaseTask/Info.plist;
				INFOPLIST_KEY_NSPhotoLibraryUsageDescription = "please allow access to upload photos";
				INFOPLIST_KEY_UIApplicationSupportsIndirectInputEvents = YES;
				INFOPLIST_KEY_UILaunchStoryboardName = LaunchScreen;
				INFOPLIST_KEY_UIMainStoryboardFile = Main;
				INFOPLIST_KEY_UISupportedInterfaceOrientations_iPad = "UIInterfaceOrientationPortrait UIInterfaceOrientationPortraitUpsideDown UIInterfaceOrientationLandscapeLeft UIInterfaceOrientationLandscapeRight";
				INFOPLIST_KEY_UISupportedInterfaceOrientations_iPhone = "UIInterfaceOrientationPortrait UIInterfaceOrientationLandscapeLeft UIInterfaceOrientationLandscapeRight";
				IPHONEOS_DEPLOYMENT_TARGET = 15.0;
				LD_RUNPATH_SEARCH_PATHS = (
					"$(inherited)",
					"@executable_path/Frameworks",
				);
				MARKETING_VERSION = 1.0;
				PRODUCT_BUNDLE_IDENTIFIER = infiquity.com.FirebaseTask;
				PRODUCT_NAME = "$(TARGET_NAME)";
				SWIFT_EMIT_LOC_STRINGS = YES;
				SWIFT_VERSION = 5.0;
				TARGETED_DEVICE_FAMILY = "1,2";
			};
			name = Debug;
		};
		4D6E8EAF295D75AF00A1B15F /* Release */ = {
			isa = XCBuildConfiguration;
			buildSettings = {
				ASSETCATALOG_COMPILER_APPICON_NAME = AppIcon;
				ASSETCATALOG_COMPILER_GLOBAL_ACCENT_COLOR_NAME = AccentColor;
				CODE_SIGN_STYLE = Automatic;
				CURRENT_PROJECT_VERSION = 1;
				DEVELOPMENT_TEAM = H3KMJU63ST;
				GENERATE_INFOPLIST_FILE = YES;
				INFOPLIST_FILE = FirebaseTask/Info.plist;
				INFOPLIST_KEY_NSPhotoLibraryUsageDescription = "please allow access to upload photos";
				INFOPLIST_KEY_UIApplicationSupportsIndirectInputEvents = YES;
				INFOPLIST_KEY_UILaunchStoryboardName = LaunchScreen;
				INFOPLIST_KEY_UIMainStoryboardFile = Main;
				INFOPLIST_KEY_UISupportedInterfaceOrientations_iPad = "UIInterfaceOrientationPortrait UIInterfaceOrientationPortraitUpsideDown UIInterfaceOrientationLandscapeLeft UIInterfaceOrientationLandscapeRight";
				INFOPLIST_KEY_UISupportedInterfaceOrientations_iPhone = "UIInterfaceOrientationPortrait UIInterfaceOrientationLandscapeLeft UIInterfaceOrientationLandscapeRight";
				IPHONEOS_DEPLOYMENT_TARGET = 15.0;
				LD_RUNPATH_SEARCH_PATHS = (
					"$(inherited)",
					"@executable_path/Frameworks",
				);
				MARKETING_VERSION = 1.0;
				PRODUCT_BUNDLE_IDENTIFIER = infiquity.com.FirebaseTask;
				PRODUCT_NAME = "$(TARGET_NAME)";
				SWIFT_EMIT_LOC_STRINGS = YES;
				SWIFT_VERSION = 5.0;
				TARGETED_DEVICE_FAMILY = "1,2";
			};
			name = Release;
		};
/* End XCBuildConfiguration section */

/* Begin XCConfigurationList section */
		4D6E8E91295D75AC00A1B15F /* Build configuration list for PBXProject "FirebaseTask" */ = {
			isa = XCConfigurationList;
			buildConfigurations = (
				4D6E8EAB295D75AF00A1B15F /* Debug */,
				4D6E8EAC295D75AF00A1B15F /* Release */,
			);
			defaultConfigurationIsVisible = 0;
			defaultConfigurationName = Release;
		};
		4D6E8EAD295D75AF00A1B15F /* Build configuration list for PBXNativeTarget "FirebaseTask" */ = {
			isa = XCConfigurationList;
			buildConfigurations = (
				4D6E8EAE295D75AF00A1B15F /* Debug */,
				4D6E8EAF295D75AF00A1B15F /* Release */,
			);
			defaultConfigurationIsVisible = 0;
			defaultConfigurationName = Release;
		};
/* End XCConfigurationList section */

/* Begin XCRemoteSwiftPackageReference section */
		4D6E8EB0295D91C500A1B15F /* XCRemoteSwiftPackageReference "firebase-ios-sdk" */ = {
			isa = XCRemoteSwiftPackageReference;
			repositoryURL = "https://github.com/firebase/firebase-ios-sdk.git";
			requirement = {
				kind = upToNextMajorVersion;
				minimumVersion = 9.0.0;
			};
		};
/* End XCRemoteSwiftPackageReference section */

/* Begin XCSwiftPackageProductDependency section */
		4D6E8EB1295D91C500A1B15F /* FirebaseMessaging */ = {
			isa = XCSwiftPackageProductDependency;
			package = 4D6E8EB0295D91C500A1B15F /* XCRemoteSwiftPackageReference "firebase-ios-sdk" */;
			productName = FirebaseMessaging;
		};
		4D6E8EB3295D91C500A1B15F /* FirebaseStorage */ = {
			isa = XCSwiftPackageProductDependency;
			package = 4D6E8EB0295D91C500A1B15F /* XCRemoteSwiftPackageReference "firebase-ios-sdk" */;
			productName = FirebaseStorage;
		};
/* End XCSwiftPackageProductDependency section */

/* Begin XCVersionGroup section */
		4D6E8EA2295D75AC00A1B15F /* FirebaseTask.xcdatamodeld */ = {
			isa = XCVersionGroup;
			children = (
				4D6E8EA3295D75AC00A1B15F /* FirebaseTask.xcdatamodel */,
			);
			currentVersion = 4D6E8EA3295D75AC00A1B15F /* FirebaseTask.xcdatamodel */;
			path = FirebaseTask.xcdatamodeld;
			sourceTree = "<group>";
			versionGroupType = wrapper.xcdatamodel;
		};
/* End XCVersionGroup section */
	};
	rootObject = 4D6E8E8E295D75AC00A1B15F /* Project object */;
}
